<?xml version="1.0" encoding="utf-8"?>
<Project ToolsVersion="4.0" xmlns="http://schemas.microsoft.com/developer/msbuild/2003">
  <ItemGroup>
    <Filter Include="SymbolLib">
      <UniqueIdentifier>{4FC737F1-C7A5-4376-A066-2A32D752A2FF}</UniqueIdentifier>
      <Extensions>cpp;c;cc;cxx;def;odl;idl;hpj;bat;asm;asmx</Extensions>
    </Filter>
    <Filter Include="SymbolLib\MathUtils">
      <UniqueIdentifier>{16e2a86f-f9c1-4f00-8fd5-12ecee3f8282}</UniqueIdentifier>
    </Filter>
    <Filter Include="Resource Files">
      <UniqueIdentifier>{67DA6AB6-F800-4c08-8B7A-83BB121AAD01}</UniqueIdentifier>
      <Extensions>rc;ico;cur;bmp;dlg;rc2;rct;bin;rgs;gif;jpg;jpeg;jpe;resx;tiff;tif;png;wav;mfcribbon-ms</Extensions>
    </Filter>
    <Filter Include="SymbolLib\Base">
      <UniqueIdentifier>{7ba4ab17-b612-4a35-800c-25439efbb8f7}</UniqueIdentifier>
    </Filter>
  </ItemGroup>
  <ItemGroup>
    <None Include="ReadMe.txt" />
    <None Include="res\file_view.ico">
      <Filter>Resource Files</Filter>
    </None>
    <None Include="res\file_view_hc.ico">
      <Filter>Resource Files</Filter>
    </None>
    <None Include="res\class_view.ico">
      <Filter>Resource Files</Filter>
    </None>
    <None Include="res\class_view_hc.ico">
      <Filter>Resource Files</Filter>
    </None>
    <None Include="res\fileview.bmp">
      <Filter>Resource Files</Filter>
    </None>
    <None Include="res\fileview_hc.bmp">
      <Filter>Resource Files</Filter>
    </None>
    <None Include="res\classview.bmp">
      <Filter>Resource Files</Filter>
    </None>
    <None Include="res\classview_hc.bmp">
      <Filter>Resource Files</Filter>
    </None>
    <None Include="res\explorer.bmp">
      <Filter>Resource Files</Filter>
    </None>
    <None Include="res\explorer_hc.bmp">
      <Filter>Resource Files</Filter>
    </None>
    <None Include="res\sort.bmp">
      <Filter>Resource Files</Filter>
    </None>
    <None Include="res\sort_hc.bmp">
      <Filter>Resource Files</Filter>
    </None>
    <None Include="res\menuimages.bmp">
      <Filter>Resource Files</Filter>
    </None>
    <None Include="res\menuimages_hc.bmp">
      <Filter>Resource Files</Filter>
    </None>
    <None Include="res\output_wnd.ico">
      <Filter>Resource Files</Filter>
    </None>
    <None Include="res\output_wnd_hc.ico">
      <Filter>Resource Files</Filter>
    </None>
    <None Include="res\properties_wnd.ico">
      <Filter>Resource Files</Filter>
    </None>
    <None Include="res\properties_wnd_hc.ico">
      <Filter>Resource Files</Filter>
    </None>
    <None Include="res\properties.bmp">
      <Filter>Resource Files</Filter>
    </None>
    <None Include="res\properties_hc.bmp">
      <Filter>Resource Files</Filter>
    </None>
    <None Include="UserImages.bmp">
      <Filter>Resource Files</Filter>
    </None>
    <None Include="res\My3DSymbolLibNew.rc2">
      <Filter>Resource Files</Filter>
    </None>
    <None Include="res\3DSymbolLibNewDoc.ico">
      <Filter>Resource Files</Filter>
    </None>
    <None Include="res\3DSymbolLibNew.ico">
      <Filter>Resource Files</Filter>
    </None>
    <None Include="res\Toolbar.bmp">
      <Filter>Resource Files</Filter>
    </None>
    <None Include="res\Toolbar256.bmp">
      <Filter>Resource Files</Filter>
    </None>
    <None Include="res\icon1.ico">
      <Filter>Resource Files</Filter>
    </None>
    <None Include="res\bitmap1.bmp">
      <Filter>Resource Files</Filter>
    </None>
    <None Include="SAND0.BMP">
      <Filter>Resource Files</Filter>
    </None>
    <None Include="res\ico00001.ico">
      <Filter>Resource Files</Filter>
    </None>
    <None Include="NODROP.cur">
      <Filter>Resource Files</Filter>
    </None>
    <None Include="res\cursor1.cur">
      <Filter>Resource Files</Filter>
    </None>
    <None Include="C:\Documents and Settings\Administrator\桌面\sb_cavy\sb_cavy\SizeAll.cur">
      <Filter>Resource Files</Filter>
    </None>
    <None Include="res\cur00001.cur">
      <Filter>Resource Files</Filter>
    </None>
    <None Include="res\bitmap2.bmp">
      <Filter>Resource Files</Filter>
    </None>
    <None Include="res\bmp00001.bmp">
      <Filter>Resource Files</Filter>
    </None>
    <None Include="..\..\DataFormated\启动画面.bmp">
      <Filter>Resource Files</Filter>
    </None>
    <None Include="res\cursor_e.cur">
      <Filter>Resource Files</Filter>
    </None>
    <None Include="res\cursor_s.cur">
      <Filter>Resource Files</Filter>
    </None>
    <None Include="res\cur00002.cur">
      <Filter>Resource Files</Filter>
    </None>
    <None Include="res\cur00003.cur">
      <Filter>Resource Files</Filter>
    </None>
    <None Include="..\..\src\3DSymboLlib\MathUtils\Vec3.inl">
      <Filter>SymbolLib\MathUtils</Filter>
    </None>
  </ItemGroup>
  <ItemGroup>
    <ClInclude Include="..\..\src\3DSymboLlib\MathUtils\MathUtil.h">
      <Filter>SymbolLib\MathUtils</Filter>
    </ClInclude>
    <ClInclude Include="..\..\src\3DSymboLlib\MathUtils\Vec3.h">
      <Filter>SymbolLib\MathUtils</Filter>
    </ClInclude>
    <ClInclude Include="..\..\src\3DSymboLlib\3DSymbolLibNew.h">
      <Filter>SymbolLib</Filter>
    </ClInclude>
    <ClInclude Include="..\..\src\3DSymboLlib\3DSymbolLibNewDoc.h">
      <Filter>SymbolLib</Filter>
    </ClInclude>
    <ClInclude Include="..\..\src\3DSymboLlib\3DSymbolLibNewView.h">
      <Filter>SymbolLib</Filter>
    </ClInclude>
    <ClInclude Include="..\..\src\3DSymboLlib\AddPointDlg.h">
      <Filter>SymbolLib</Filter>
    </ClInclude>
    <ClInclude Include="..\..\src\3DSymboLlib\AreaClassification.h">
      <Filter>SymbolLib</Filter>
    </ClInclude>
    <ClInclude Include="..\..\src\3DSymboLlib\Bitmap.h">
      <Filter>SymbolLib</Filter>
    </ClInclude>
    <ClInclude Include="..\..\src\3DSymboLlib\C3DModelParamSet.h">
      <Filter>SymbolLib</Filter>
    </ClInclude>
    <ClInclude Include="..\..\src\3DSymboLlib\CameraParamSet.h">
      <Filter>SymbolLib</Filter>
    </ClInclude>
    <ClInclude Include="..\..\src\3DSymboLlib\ClassView.h">
      <Filter>SymbolLib</Filter>
    </ClInclude>
    <ClInclude Include="..\..\src\3DSymboLlib\DesingScheme.h">
      <Filter>SymbolLib</Filter>
    </ClInclude>
    <ClInclude Include="..\..\src\3DSymboLlib\DialogModelList.h">
      <Filter>SymbolLib</Filter>
    </ClInclude>
    <ClInclude Include="..\..\src\3DSymboLlib\FileView.h">
      <Filter>SymbolLib</Filter>
    </ClInclude>
    <ClInclude Include="..\..\src\3DSymboLlib\GLFont.h">
      <Filter>SymbolLib</Filter>
    </ClInclude>
    <ClInclude Include="..\..\src\3DSymboLlib\GlobalVariable.h">
      <Filter>SymbolLib</Filter>
    </ClInclude>
    <ClInclude Include="..\..\src\3DSymboLlib\Load3DS.H">
      <Filter>SymbolLib</Filter>
    </ClInclude>
    <ClInclude Include="..\..\src\3DSymboLlib\MainFrm.h">
      <Filter>SymbolLib</Filter>
    </ClInclude>
    <ClInclude Include="..\..\src\3DSymboLlib\ModelListConfigureDialog.h">
      <Filter>SymbolLib</Filter>
    </ClInclude>
    <ClInclude Include="..\..\src\3DSymboLlib\ModelParam.h">
      <Filter>SymbolLib</Filter>
    </ClInclude>
    <ClInclude Include="..\..\src\3DSymboLlib\OutputWnd.h">
      <Filter>SymbolLib</Filter>
    </ClInclude>
    <ClInclude Include="..\..\src\3DSymboLlib\ProjectFileSetting.h">
      <Filter>SymbolLib</Filter>
    </ClInclude>
    <ClInclude Include="..\..\src\3DSymboLlib\PropertiesWnd.h">
      <Filter>SymbolLib</Filter>
    </ClInclude>
    <ClInclude Include="..\..\src\3DSymboLlib\resource.h">
      <Filter>SymbolLib</Filter>
    </ClInclude>
    <ClInclude Include="..\..\src\3DSymboLlib\RockClassification.h">
      <Filter>SymbolLib</Filter>
    </ClInclude>
    <ClInclude Include="..\..\src\3DSymboLlib\SetColorButton.h">
      <Filter>SymbolLib</Filter>
    </ClInclude>
    <ClInclude Include="..\..\src\3DSymboLlib\SkyBoxTexLoad.h">
      <Filter>SymbolLib</Filter>
    </ClInclude>
    <ClInclude Include="..\..\src\3DSymboLlib\SpaceSearchSet.h">
      <Filter>SymbolLib</Filter>
    </ClInclude>
    <ClInclude Include="..\..\src\3DSymboLlib\SplashWnd.h">
      <Filter>SymbolLib</Filter>
    </ClInclude>
    <ClInclude Include="..\..\src\3DSymboLlib\stdafx.h">
      <Filter>SymbolLib</Filter>
    </ClInclude>
    <ClInclude Include="..\..\src\3DSymboLlib\SystemSetting.h">
      <Filter>SymbolLib</Filter>
    </ClInclude>
    <ClInclude Include="..\..\src\3DSymboLlib\targetver.h">
      <Filter>SymbolLib</Filter>
    </ClInclude>
    <ClInclude Include="..\..\src\3DSymboLlib\TerrainImportContour.h">
      <Filter>SymbolLib</Filter>
    </ClInclude>
    <ClInclude Include="..\..\src\3DSymboLlib\Texture.h">
      <Filter>SymbolLib</Filter>
    </ClInclude>
    <ClInclude Include="..\..\src\3DSymboLlib\ViewTree.h">
      <Filter>SymbolLib</Filter>
    </ClInclude>
    <ClInclude Include="..\..\src\3DSymboLlib\MathUtils\PointPolygonRelationship.h">
      <Filter>SymbolLib\MathUtils</Filter>
    </ClInclude>
    <ClInclude Include="..\..\src\3DSymboLlib\MathUtils\LeastSquares.h">
      <Filter>SymbolLib\MathUtils</Filter>
    </ClInclude>
    <ClInclude Include="..\..\src\3DSymboLlib\Base\ZTypes.h">
      <Filter>SymbolLib\Base</Filter>
    </ClInclude>
    <ClInclude Include="..\..\src\3DSymboLlib\Base\ZMacros.h">
      <Filter>SymbolLib\Base</Filter>
    </ClInclude>
    <ClInclude Include="..\..\src\3DSymboLlib\Base\ZStackDumper.h">
      <Filter>SymbolLib\Base</Filter>
    </ClInclude>
  </ItemGroup>
  <ItemGroup>
    <ClCompile Include="..\..\src\3DSymboLlib\3DSymbolLibNew.cpp">
      <Filter>SymbolLib</Filter>
    </ClCompile>
    <ClCompile Include="..\..\src\3DSymboLlib\3DSymbolLibNewDoc.cpp">
      <Filter>SymbolLib</Filter>
    </ClCompile>
    <ClCompile Include="..\..\src\3DSymboLlib\3DSymbolLibNewView.cpp">
      <Filter>SymbolLib</Filter>
    </ClCompile>
    <ClCompile Include="..\..\src\3DSymboLlib\AddPointDlg.cpp">
      <Filter>SymbolLib</Filter>
    </ClCompile>
    <ClCompile Include="..\..\src\3DSymboLlib\AreaClassification.cpp">
      <Filter>SymbolLib</Filter>
    </ClCompile>
    <ClCompile Include="..\..\src\3DSymboLlib\C3DModelParamSet.cpp">
      <Filter>SymbolLib</Filter>
    </ClCompile>
    <ClCompile Include="..\..\src\3DSymboLlib\CameraParamSet.cpp">
      <Filter>SymbolLib</Filter>
    </ClCompile>
    <ClCompile Include="..\..\src\3DSymboLlib\ClassView.cpp">
      <Filter>SymbolLib</Filter>
    </ClCompile>
    <ClCompile Include="..\..\src\3DSymboLlib\DesingScheme.cpp">
      <Filter>SymbolLib</Filter>
    </ClCompile>
    <ClCompile Include="..\..\src\3DSymboLlib\DialogModelList.cpp">
      <Filter>SymbolLib</Filter>
    </ClCompile>
    <ClCompile Include="..\..\src\3DSymboLlib\FileView.cpp">
      <Filter>SymbolLib</Filter>
    </ClCompile>
    <ClCompile Include="..\..\src\3DSymboLlib\GLFont.cpp">
      <Filter>SymbolLib</Filter>
    </ClCompile>
    <ClCompile Include="..\..\src\3DSymboLlib\GlobalVariable.cpp">
      <Filter>SymbolLib</Filter>
    </ClCompile>
    <ClCompile Include="..\..\src\3DSymboLlib\Load3DS.CPP">
      <Filter>SymbolLib</Filter>
    </ClCompile>
    <ClCompile Include="..\..\src\3DSymboLlib\MainFrm.cpp">
      <Filter>SymbolLib</Filter>
    </ClCompile>
    <ClCompile Include="..\..\src\3DSymboLlib\ModelListConfigureDialog.cpp">
      <Filter>SymbolLib</Filter>
    </ClCompile>
    <ClCompile Include="..\..\src\3DSymboLlib\ModelParam.cpp">
      <Filter>SymbolLib</Filter>
    </ClCompile>
    <ClCompile Include="..\..\src\3DSymboLlib\OutputWnd.cpp">
      <Filter>SymbolLib</Filter>
    </ClCompile>
    <ClCompile Include="..\..\src\3DSymboLlib\ProjectFileSetting.cpp">
      <Filter>SymbolLib</Filter>
    </ClCompile>
    <ClCompile Include="..\..\src\3DSymboLlib\PropertiesWnd.cpp">
      <Filter>SymbolLib</Filter>
    </ClCompile>
    <ClCompile Include="..\..\src\3DSymboLlib\RockClassification.cpp">
      <Filter>SymbolLib</Filter>
    </ClCompile>
    <ClCompile Include="..\..\src\3DSymboLlib\SetColorButton.cpp">
      <Filter>SymbolLib</Filter>
    </ClCompile>
    <ClCompile Include="..\..\src\3DSymboLlib\SkyBoxTexLoad.cpp">
      <Filter>SymbolLib</Filter>
    </ClCompile>
    <ClCompile Include="..\..\src\3DSymboLlib\SpaceSearchSet.cpp">
      <Filter>SymbolLib</Filter>
    </ClCompile>
    <ClCompile Include="..\..\src\3DSymboLlib\SplashWnd.cpp">
      <Filter>SymbolLib</Filter>
    </ClCompile>
    <ClCompile Include="..\..\src\3DSymboLlib\stdafx.cpp">
      <Filter>SymbolLib</Filter>
    </ClCompile>
    <ClCompile Include="..\..\src\3DSymboLlib\SystemSetting.cpp">
      <Filter>SymbolLib</Filter>
    </ClCompile>
    <ClCompile Include="..\..\src\3DSymboLlib\TerrainImportContour.cpp">
      <Filter>SymbolLib</Filter>
    </ClCompile>
    <ClCompile Include="..\..\src\3DSymboLlib\Texture.cpp">
      <Filter>SymbolLib</Filter>
    </ClCompile>
    <ClCompile Include="..\..\src\3DSymboLlib\ViewTree.cpp">
      <Filter>SymbolLib</Filter>
    </ClCompile>
    <ClCompile Include="..\..\src\3DSymboLlib\MathUtils\Vec3.cpp">
      <Filter>SymbolLib\MathUtils</Filter>
    </ClCompile>
    <ClCompile Include="..\..\src\3DSymboLlib\MathUtils\PointPolygonRelationship.cpp">
      <Filter>SymbolLib\MathUtils</Filter>
    </ClCompile>
    <ClCompile Include="..\..\src\3DSymboLlib\MathUtils\LeastSquares.cpp">
      <Filter>SymbolLib\MathUtils</Filter>
    </ClCompile>
    <ClCompile Include="..\..\src\3DSymboLlib\Base\ZStackDumper.cpp">
      <Filter>SymbolLib\Base</Filter>
    </ClCompile>
  </ItemGroup>
  <ItemGroup>
    <ResourceCompile Include="3DSymbolLibNew.rc">
      <Filter>Resource Files</Filter>
    </ResourceCompile>
  </ItemGroup>
</Project>